
Microsoft Visual Studio Solution File, Format Version 12.00
# Visual Studio Version 16
VisualStudioVersion = 16.0.30621.155
MinimumVisualStudioVersion = 10.0.40219.1
Project("{8BC9CEB8-8B4A-11D0-8D11-00A0C91BC942}") = "ConsoleApplication1", "ConsoleApplication1.vcxproj", "{DF343D0E-0AD3-41F5-8396-E80D38F417AA}"
EndProject
Global
	GlobalSection(SolutionConfigurationPlatforms) = preSolution
		Debug|x64 = Debug|x64
		Debug|x86 = Debug|x86
		Release|x64 = Release|x64
		Release|x86 = Release|x86
	EndGlobalSection
	GlobalSection(ProjectConfigurationPlatforms) = postSolution
		{DF343D0E-0AD3-41F5-8396-E80D38F417AA}.Debug|x64.ActiveCfg = Debug|x64
		{DF343D0E-0AD3-41F5-8396-E80D38F417AA}.Debug|x64.Build.0 = Debug|x64
		{DF343D0E-0AD3-41F5-8396-E80D38F417AA}.Debug|x86.ActiveCfg = Debug|Win32
		{DF343D0E-0AD3-41F5-8396-E80D38F417AA}.Debug|x86.Build.0 = Debug|Win32
		{DF343D0E-0AD3-41F5-8396-E80D38F417AA}.Release|x64.ActiveCfg = Release|x64
		{DF343D0E-0AD3-41F5-8396-E80D38F417AA}.Release|x64.Build.0 = Release|x64
		{DF343D0E-0AD3-41F5-8396-E80D38F417AA}.Release|x86.ActiveCfg = Release|Win32
		{DF343D0E-0AD3-41F5-8396-E80D38F417AA}.Release|x86.Build.0 = Release|Win32
	EndGlobalSection
	GlobalSection(SolutionProperties) = preSolution
		HideSolutionNode = FALSE
	EndGlobalSection
	GlobalSection(ExtensibilityGlobals) = postSolution
		SolutionGuid = {1B462B9A-CD04-4E72-9CD0-8451955EE5F1}
	EndGlobalSection
EndGlobal
