
Microsoft Visual Studio Solution File, Format Version 12.00
# Visual Studio Version 16
VisualStudioVersion = 16.0.30621.155
MinimumVisualStudioVersion = 10.0.40219.1
Project("{8BC9CEB8-8B4A-11D0-8D11-00A0C91BC942}") = "ConsoleApplication2", "ConsoleApplication2.vcxproj", "{E4CED53D-81BD-4D4F-A1E2-AF95B13A6356}"
EndProject
Global
	GlobalSection(SolutionConfigurationPlatforms) = preSolution
		Debug|x64 = Debug|x64
		Debug|x86 = Debug|x86
		Release|x64 = Release|x64
		Release|x86 = Release|x86
	EndGlobalSection
	GlobalSection(ProjectConfigurationPlatforms) = postSolution
		{E4CED53D-81BD-4D4F-A1E2-AF95B13A6356}.Debug|x64.ActiveCfg = Debug|x64
		{E4CED53D-81BD-4D4F-A1E2-AF95B13A6356}.Debug|x64.Build.0 = Debug|x64
		{E4CED53D-81BD-4D4F-A1E2-AF95B13A6356}.Debug|x86.ActiveCfg = Debug|Win32
		{E4CED53D-81BD-4D4F-A1E2-AF95B13A6356}.Debug|x86.Build.0 = Debug|Win32
		{E4CED53D-81BD-4D4F-A1E2-AF95B13A6356}.Release|x64.ActiveCfg = Release|x64
		{E4CED53D-81BD-4D4F-A1E2-AF95B13A6356}.Release|x64.Build.0 = Release|x64
		{E4CED53D-81BD-4D4F-A1E2-AF95B13A6356}.Release|x86.ActiveCfg = Release|Win32
		{E4CED53D-81BD-4D4F-A1E2-AF95B13A6356}.Release|x86.Build.0 = Release|Win32
	EndGlobalSection
	GlobalSection(SolutionProperties) = preSolution
		HideSolutionNode = FALSE
	EndGlobalSection
	GlobalSection(ExtensibilityGlobals) = postSolution
		SolutionGuid = {EA6E89EE-F9E4-4D11-AA75-9A711B9E19A5}
	EndGlobalSection
EndGlobal
